
Microsoft Visual Studio Solution File, Format Version 12.00
# Visual Studio 14
VisualStudioVersion = 14.0.24720.0
MinimumVisualStudioVersion = 10.0.40219.1
Project("{FAE04EC0-301F-11D3-BF4B-00C04F79EFBC}") = "LibraryService", "LibraryService\LibraryService.csproj", "{BA4FC1EB-6F5A-4343-BBB5-69EB4986F254}"
EndProject
Project("{FAE04EC0-301F-11D3-BF4B-00C04F79EFBC}") = "LibraryClient", "LibraryClient\LibraryClient.csproj", "{87F0B2A4-5290-4A9D-BE83-11282BFC062A}"
EndProject
Global
	GlobalSection(SolutionConfigurationPlatforms) = preSolution
		Debug|Any CPU = Debug|Any CPU
		Release|Any CPU = Release|Any CPU
	EndGlobalSection
	GlobalSection(ProjectConfigurationPlatforms) = postSolution
		{BA4FC1EB-6F5A-4343-BBB5-69EB4986F254}.Debug|Any CPU.ActiveCfg = Debug|Any CPU
		{BA4FC1EB-6F5A-4343-BBB5-69EB4986F254}.Debug|Any CPU.Build.0 = Debug|Any CPU
		{BA4FC1EB-6F5A-4343-BBB5-69EB4986F254}.Release|Any CPU.ActiveCfg = Release|Any CPU
		{BA4FC1EB-6F5A-4343-BBB5-69EB4986F254}.Release|Any CPU.Build.0 = Release|Any CPU
		{87F0B2A4-5290-4A9D-BE83-11282BFC062A}.Debug|Any CPU.ActiveCfg = Debug|Any CPU
		{87F0B2A4-5290-4A9D-BE83-11282BFC062A}.Debug|Any CPU.Build.0 = Debug|Any CPU
		{87F0B2A4-5290-4A9D-BE83-11282BFC062A}.Release|Any CPU.ActiveCfg = Release|Any CPU
		{87F0B2A4-5290-4A9D-BE83-11282BFC062A}.Release|Any CPU.Build.0 = Release|Any CPU
	EndGlobalSection
	GlobalSection(SolutionProperties) = preSolution
		HideSolutionNode = FALSE
	EndGlobalSection
EndGlobal
